# This file is autogenerated, do not edit; changes may be undone by the next 'dep ensure'.


[[projects]]
  branch = "v1"
  digest = "1:08bbd5722ad867df1771c6abacae8bc629c76dc6774099b264717107872f978f"
  name = "github.com/emersion/go-imap"
  packages = [
    ".",
    "client",
    "commands",
    "responses",
    "utf7",
  ]
  pruneopts = "NUT"
  revision = "853d87df24cfae3609ec7b4a9fa136d469c4d122"

[[projects]]
  branch = "master"
  digest = "1:d46e8059110e04565216a6ccfa03890dc3efaa4837d5f191d9a87652577bc6c4"
  name = "github.com/emersion/go-sasl"
  packages = ["."]
  pruneopts = "NUT"
  revision = "47d4276003177822a0a7b78773d7a6ed51c6474d"

[[projects]]
  branch = "master"
  digest = "1:f3bc4dcbd92f5aa52b7e1e598ef696bde6a671ae1732e52511d26f4fd22703eb"
  name = "github.com/pkg/errors"
  packages = ["."]
  pruneopts = "NUT"
  revision = "27936f6d90f9c8e1145f11ed52ffffbfdb9e0af7"

[[projects]]
  branch = "master"
  digest = "1:77b730fa4c2d98f3ddf492acbea351eb6b0560fa5eace4105a6fc33ff937bb1b"
  name = "github.com/rakyll/statik"
  packages = ["fs"]
  pruneopts = "NUT"
  revision = "3bac566d30cdbeddef402a80f3d6305860e59f12"

[[projects]]
  digest = "1:cc38c2209a6c1f94debdfd96934865a258eac2f905a8d3f8fd56e7d0cfb85edd"
  name = "golang.org/x/text"
  packages = [
    "encoding",
    "encoding/internal/identifier",
    "internal/gen",
    "transform",
    "unicode/cldr",
  ]
  pruneopts = "NUT"
  revision = "342b2e1fbaa52c93f31447ad2c6abc048c63e475"
  version = "v0.3.2"

[solve-meta]
  analyzer-name = "dep"
  analyzer-version = 1
  input-imports = [
    "github.com/emersion/go-imap",
    "github.com/emersion/go-imap/client",
    "github.com/pkg/errors",
    "github.com/rakyll/statik/fs",
  ]
  solver-name = "gps-cdcl"
  solver-version = 1
