# This file is autogenerated, do not edit; changes may be undone by the next 'dep ensure'.


[[projects]]
  name = "github.com/emersion/go-imap"
  packages = [
    ".",
    "client",
    "commands",
    "responses",
    "utf7"
  ]
  revision = "840b16b212bff35b595e708937c6d60861cfab49"
  version = "v0.9"

[[projects]]
  branch = "master"
  name = "github.com/emersion/go-sasl"
  packages = ["."]
  revision = "7e096a0a6197b89989e8cc31016daa67c8c62051"

[[projects]]
  name = "github.com/rakyll/statik"
  packages = ["fs"]
  revision = "fd36b3595eb2ec8da4b8153b107f7ea08504899d"
  version = "v0.1.1"

[[projects]]
  name = "golang.org/x/text"
  packages = [
    "encoding",
    "encoding/internal/identifier",
    "internal/gen",
    "transform",
    "unicode/cldr"
  ]
  revision = "f21a4dfb5e38f5895301dc265a8def02365cc3d0"
  version = "v0.3.0"

[solve-meta]
  analyzer-name = "dep"
  analyzer-version = 1
  inputs-digest = "cc40602124a9440aaea2149dccb89875ba64986d25fc535c23855409613e40ea"
  solver-name = "gps-cdcl"
  solver-version = 1
