# This file is autogenerated, do not edit; changes may be undone by the next 'dep ensure'.


[[projects]]
  branch = "v1"
  digest = "1:dcb1acd86fc4d0368aadb849ffd300bf62923b69060630671fdbf0f4bfd11596"
  name = "github.com/emersion/go-imap"
  packages = [
    ".",
    "client",
    "commands",
    "responses",
    "utf7",
  ]
  pruneopts = "NUT"
  revision = "b7db4a2bc5cc04fb568fb036a438da43ee9a9f78"

[[projects]]
  branch = "master"
  digest = "1:d46e8059110e04565216a6ccfa03890dc3efaa4837d5f191d9a87652577bc6c4"
  name = "github.com/emersion/go-sasl"
  packages = ["."]
  pruneopts = "NUT"
  revision = "47d4276003177822a0a7b78773d7a6ed51c6474d"

[[projects]]
  branch = "master"
  digest = "1:f3bc4dcbd92f5aa52b7e1e598ef696bde6a671ae1732e52511d26f4fd22703eb"
  name = "github.com/pkg/errors"
  packages = ["."]
  pruneopts = "NUT"
  revision = "27936f6d90f9c8e1145f11ed52ffffbfdb9e0af7"

[[projects]]
  branch = "master"
  digest = "1:bd8466b8f39db4977e869a9d352c8dbe68598ab00ff865b3d03bc866c31f1c9f"
  name = "github.com/rakyll/statik"
  packages = ["fs"]
  pruneopts = "NUT"
  revision = "28d0e00b70063807f4f64b2c782d2d7d4eaa3fb7"

[[projects]]
  digest = "1:cc38c2209a6c1f94debdfd96934865a258eac2f905a8d3f8fd56e7d0cfb85edd"
  name = "golang.org/x/text"
  packages = [
    "encoding",
    "encoding/internal/identifier",
    "internal/gen",
    "transform",
    "unicode/cldr",
  ]
  pruneopts = "NUT"
  revision = "342b2e1fbaa52c93f31447ad2c6abc048c63e475"
  version = "v0.3.2"

[solve-meta]
  analyzer-name = "dep"
  analyzer-version = 1
  input-imports = [
    "github.com/emersion/go-imap",
    "github.com/emersion/go-imap/client",
    "github.com/pkg/errors",
    "github.com/rakyll/statik/fs",
  ]
  solver-name = "gps-cdcl"
  solver-version = 1
